
Microsoft Visual Studio Solution File, Format Version 12.00
# Visual Studio Version 17
VisualStudioVersion = 17.7.34031.279
MinimumVisualStudioVersion = 10.0.40219.1
Project("{9A19103F-16F7-4668-BE54-9A1E7A4F7556}") = "WebAssembly.Prerender.Client.Server", "WebAssembly.Prerender.Client\Server\WebAssembly.Prerender.Client.Server.csproj", "{D22937F4-7FD9-4B1E-87DC-EF75C1FF68E0}"
EndProject
Project("{9A19103F-16F7-4668-BE54-9A1E7A4F7556}") = "WebAssembly.Prerender.Client.Client", "WebAssembly.Prerender.Client\Client\WebAssembly.Prerender.Client.Client.csproj", "{48DB5562-9292-4035-9AF0-070173DBF664}"
EndProject
Project("{9A19103F-16F7-4668-BE54-9A1E7A4F7556}") = "WebAssembly.Prerender.Client.Shared", "WebAssembly.Prerender.Client\Shared\WebAssembly.Prerender.Client.Shared.csproj", "{03447554-6DB3-4A60-9CEA-CB68091B0A1E}"
EndProject
Project("{9A19103F-16F7-4668-BE54-9A1E7A4F7556}") = "BlazorServer", "BlazorServer\BlazorServer.csproj", "{BCA02D5A-57EF-47AA-9F5C-37B1E73C95BB}"
EndProject
Project("{9A19103F-16F7-4668-BE54-9A1E7A4F7556}") = "Blazor.LazyLoading", "Blazor.LazyLoading\Blazor.LazyLoading.csproj", "{E93DCCB3-FF5E-4D8E-9C38-F38C84FA9917}"
EndProject
Project("{9A19103F-16F7-4668-BE54-9A1E7A4F7556}") = "BlazorDefault", "BlazorDefault\BlazorDefault.csproj", "{53935FA8-1826-4F29-8371-AFED41DC6A86}"
EndProject
Project("{FAE04EC0-301F-11D3-BF4B-00C04F79EFBC}") = "WebApi", "WebApi\WebApi.csproj", "{4F3069F2-3B92-4013-8C1B-0F77F78677E5}"
EndProject
Global
	GlobalSection(SolutionConfigurationPlatforms) = preSolution
		Debug|Any CPU = Debug|Any CPU
		Release|Any CPU = Release|Any CPU
	EndGlobalSection
	GlobalSection(ProjectConfigurationPlatforms) = postSolution
		{D22937F4-7FD9-4B1E-87DC-EF75C1FF68E0}.Debug|Any CPU.ActiveCfg = Debug|Any CPU
		{D22937F4-7FD9-4B1E-87DC-EF75C1FF68E0}.Debug|Any CPU.Build.0 = Debug|Any CPU
		{D22937F4-7FD9-4B1E-87DC-EF75C1FF68E0}.Release|Any CPU.ActiveCfg = Release|Any CPU
		{D22937F4-7FD9-4B1E-87DC-EF75C1FF68E0}.Release|Any CPU.Build.0 = Release|Any CPU
		{48DB5562-9292-4035-9AF0-070173DBF664}.Debug|Any CPU.ActiveCfg = Debug|Any CPU
		{48DB5562-9292-4035-9AF0-070173DBF664}.Debug|Any CPU.Build.0 = Debug|Any CPU
		{48DB5562-9292-4035-9AF0-070173DBF664}.Release|Any CPU.ActiveCfg = Release|Any CPU
		{48DB5562-9292-4035-9AF0-070173DBF664}.Release|Any CPU.Build.0 = Release|Any CPU
		{03447554-6DB3-4A60-9CEA-CB68091B0A1E}.Debug|Any CPU.ActiveCfg = Debug|Any CPU
		{03447554-6DB3-4A60-9CEA-CB68091B0A1E}.Debug|Any CPU.Build.0 = Debug|Any CPU
		{03447554-6DB3-4A60-9CEA-CB68091B0A1E}.Release|Any CPU.ActiveCfg = Release|Any CPU
		{03447554-6DB3-4A60-9CEA-CB68091B0A1E}.Release|Any CPU.Build.0 = Release|Any CPU
		{BCA02D5A-57EF-47AA-9F5C-37B1E73C95BB}.Debug|Any CPU.ActiveCfg = Debug|Any CPU
		{BCA02D5A-57EF-47AA-9F5C-37B1E73C95BB}.Debug|Any CPU.Build.0 = Debug|Any CPU
		{BCA02D5A-57EF-47AA-9F5C-37B1E73C95BB}.Release|Any CPU.ActiveCfg = Release|Any CPU
		{BCA02D5A-57EF-47AA-9F5C-37B1E73C95BB}.Release|Any CPU.Build.0 = Release|Any CPU
		{E93DCCB3-FF5E-4D8E-9C38-F38C84FA9917}.Debug|Any CPU.ActiveCfg = Debug|Any CPU
		{E93DCCB3-FF5E-4D8E-9C38-F38C84FA9917}.Debug|Any CPU.Build.0 = Debug|Any CPU
		{E93DCCB3-FF5E-4D8E-9C38-F38C84FA9917}.Release|Any CPU.ActiveCfg = Release|Any CPU
		{E93DCCB3-FF5E-4D8E-9C38-F38C84FA9917}.Release|Any CPU.Build.0 = Release|Any CPU
		{53935FA8-1826-4F29-8371-AFED41DC6A86}.Debug|Any CPU.ActiveCfg = Debug|Any CPU
		{53935FA8-1826-4F29-8371-AFED41DC6A86}.Debug|Any CPU.Build.0 = Debug|Any CPU
		{53935FA8-1826-4F29-8371-AFED41DC6A86}.Release|Any CPU.ActiveCfg = Release|Any CPU
		{53935FA8-1826-4F29-8371-AFED41DC6A86}.Release|Any CPU.Build.0 = Release|Any CPU
		{4F3069F2-3B92-4013-8C1B-0F77F78677E5}.Debug|Any CPU.ActiveCfg = Debug|Any CPU
		{4F3069F2-3B92-4013-8C1B-0F77F78677E5}.Debug|Any CPU.Build.0 = Debug|Any CPU
		{4F3069F2-3B92-4013-8C1B-0F77F78677E5}.Release|Any CPU.ActiveCfg = Release|Any CPU
		{4F3069F2-3B92-4013-8C1B-0F77F78677E5}.Release|Any CPU.Build.0 = Release|Any CPU
	EndGlobalSection
	GlobalSection(SolutionProperties) = preSolution
		HideSolutionNode = FALSE
	EndGlobalSection
	GlobalSection(ExtensibilityGlobals) = postSolution
		SolutionGuid = {D1D355AA-231A-4826-A315-E0F1E714FCD8}
	EndGlobalSection
EndGlobal
